
Microsoft Visual Studio Solution File, Format Version 12.00
# Visual Studio Version 17
VisualStudioVersion = 17.4.33213.308
MinimumVisualStudioVersion = 10.0.40219.1
Project("{FAE04EC0-301F-11D3-BF4B-00C04F79EFBC}") = "BookStore", "BookStore.csproj", "{F53973D8-2684-498B-BA52-66E601788881}"
EndProject
Global
	GlobalSection(SolutionConfigurationPlatforms) = preSolution
		Debug|Any CPU = Debug|Any CPU
		Release|Any CPU = Release|Any CPU
	EndGlobalSection
	GlobalSection(ProjectConfigurationPlatforms) = postSolution
		{F53973D8-2684-498B-BA52-66E601788881}.Debug|Any CPU.ActiveCfg = Debug|Any CPU
		{F53973D8-2684-498B-BA52-66E601788881}.Debug|Any CPU.Build.0 = Debug|Any CPU
		{F53973D8-2684-498B-BA52-66E601788881}.Release|Any CPU.ActiveCfg = Release|Any CPU
		{F53973D8-2684-498B-BA52-66E601788881}.Release|Any CPU.Build.0 = Release|Any CPU
	EndGlobalSection
	GlobalSection(SolutionProperties) = preSolution
		HideSolutionNode = FALSE
	EndGlobalSection
	GlobalSection(ExtensibilityGlobals) = postSolution
		SolutionGuid = {AE079BAC-4891-4C62-8832-C57F8284A83D}
	EndGlobalSection
EndGlobal
